Microsoft Visual Studio Solution File, Format Version 12.00
# Visual Studio Version 17
VisualStudioVersion = 17.5.2.0
MinimumVisualStudioVersion = 10.0.40219.1
Project("{FAE04EC0-301F-11D3-BF4B-00C04F79EFBC}") = "dotnetmvc", "dotnetmvc.csproj", "{1858DE73-D6C1-319D-FE68-64615D12D9DA}"
EndProject
Global
	GlobalSection(SolutionConfigurationPlatforms) = preSolution
		Debug|Any CPU = Debug|Any CPU
		Release|Any CPU = Release|Any CPU
	EndGlobalSection
	GlobalSection(ProjectConfigurationPlatforms) = postSolution
		{1858DE73-D6C1-319D-FE68-64615D12D9DA}.Debug|Any CPU.ActiveCfg = Debug|Any CPU
		{1858DE73-D6C1-319D-FE68-64615D12D9DA}.Debug|Any CPU.Build.0 = Debug|Any CPU
		{1858DE73-D6C1-319D-FE68-64615D12D9DA}.Release|Any CPU.ActiveCfg = Release|Any CPU
		{1858DE73-D6C1-319D-FE68-64615D12D9DA}.Release|Any CPU.Build.0 = Release|Any CPU
	EndGlobalSection
	GlobalSection(SolutionProperties) = preSolution
		HideSolutionNode = FALSE
	EndGlobalSection
	GlobalSection(ExtensibilityGlobals) = postSolution
		SolutionGuid = {B226E3D0-9034-4D82-8132-3EE5D55D9D3F}
	EndGlobalSection
EndGlobal
